// !$*UTF8*$!
{
	archiveVersion = 1;
	classes = {
	};
	objectVersion = 46;
	objects = {

/* Begin PBXBuildFile section */
		497F9368177371D6005B8A3C /* UIKit.framework in Frameworks */ = {isa = PBXBuildFile; fileRef = 497F9367177371D6005B8A3C /* UIKit.framework */; };
		497F936A177371D6005B8A3C /* Foundation.framework in Frameworks */ = {isa = PBXBuildFile; fileRef = 497F9369177371D6005B8A3C /* Foundation.framework */; };
		497F936C177371D6005B8A3C /* CoreGraphics.framework in Frameworks */ = {isa = PBXBuildFile; fileRef = 497F936B177371D6005B8A3C /* CoreGraphics.framework */; };
		497F9372177371D6005B8A3C /* InfoPlist.strings in Resources */ = {isa = PBXBuildFile; fileRef = 497F9370177371D6005B8A3C /* InfoPlist.strings */; };
		497F9374177371D6005B8A3C /* main.m in Sources */ = {isa = PBXBuildFile; fileRef = 497F9373177371D6005B8A3C /* main.m */; };
		497F9378177371D6005B8A3C /* SVAppDelegate.m in Sources */ = {isa = PBXBuildFile; fileRef = 497F9377177371D6005B8A3C /* SVAppDelegate.m */; };
		497F937A177371D6005B8A3C /* Default.png in Resources */ = {isa = PBXBuildFile; fileRef = 497F9379177371D6005B8A3C /* Default.png */; };
		497F937C177371D6005B8A3C /* Default@2x.png in Resources */ = {isa = PBXBuildFile; fileRef = 497F937B177371D6005B8A3C /* Default@2x.png */; };
		497F937E177371D6005B8A3C /* Default-568h@2x.png in Resources */ = {isa = PBXBuildFile; fileRef = 497F937D177371D6005B8A3C /* Default-568h@2x.png */; };
		497F93871773723D005B8A3C /* SVViewController.m in Sources */ = {isa = PBXBuildFile; fileRef = 497F93851773723D005B8A3C /* SVViewController.m */; };
		497F93881773723D005B8A3C /* SVViewController.xib in Resources */ = {isa = PBXBuildFile; fileRef = 497F93861773723D005B8A3C /* SVViewController.xib */; };
		497F938B177372A1005B8A3C /* SVScrollingCell.m in Sources */ = {isa = PBXBuildFile; fileRef = 497F938A177372A1005B8A3C /* SVScrollingCell.m */; };
/* End PBXBuildFile section */

/* Begin PBXFileReference section */
		497F9364177371D6005B8A3C /* iOS7ScrollViews.app */ = {isa = PBXFileReference; explicitFileType = wrapper.application; includeInIndex = 0; path = iOS7ScrollViews.app; sourceTree = BUILT_PRODUCTS_DIR; };
		497F9367177371D6005B8A3C /* UIKit.framework */ = {isa = PBXFileReference; lastKnownFileType = wrapper.framework; name = UIKit.framework; path = System/Library/Frameworks/UIKit.framework; sourceTree = SDKROOT; };
		497F9369177371D6005B8A3C /* Foundation.framework */ = {isa = PBXFileReference; lastKnownFileType = wrapper.framework; name = Foundation.framework; path = System/Library/Frameworks/Foundation.framework; sourceTree = SDKROOT; };
		497F936B177371D6005B8A3C /* CoreGraphics.framework */ = {isa = PBXFileReference; lastKnownFileType = wrapper.framework; name = CoreGraphics.framework; path = System/Library/Frameworks/CoreGraphics.framework; sourceTree = SDKROOT; };
		497F936F177371D6005B8A3C /* iOS7ScrollViews-Info.plist */ = {isa = PBXFileReference; lastKnownFileType = text.plist.xml; path = "iOS7ScrollViews-Info.plist"; sourceTree = "<group>"; };
		497F9371177371D6005B8A3C /* en */ = {isa = PBXFileReference; lastKnownFileType = text.plist.strings; name = en; path = en.lproj/InfoPlist.strings; sourceTree = "<group>"; };
		497F9373177371D6005B8A3C /* main.m */ = {isa = PBXFileReference; lastKnownFileType = sourcecode.c.objc; path = main.m; sourceTree = "<group>"; };
		497F9375177371D6005B8A3C /* iOS7ScrollViews-Prefix.pch */ = {isa = PBXFileReference; lastKnownFileType = sourcecode.c.h; path = "iOS7ScrollViews-Prefix.pch"; sourceTree = "<group>"; };
		497F9376177371D6005B8A3C /* SVAppDelegate.h */ = {isa = PBXFileReference; lastKnownFileType = sourcecode.c.h; path = SVAppDelegate.h; sourceTree = "<group>"; };
		497F9377177371D6005B8A3C /* SVAppDelegate.m */ = {isa = PBXFileReference; lastKnownFileType = sourcecode.c.objc; path = SVAppDelegate.m; sourceTree = "<group>"; };
		497F9379177371D6005B8A3C /* Default.png */ = {isa = PBXFileReference; lastKnownFileType = image.png; path = Default.png; sourceTree = "<group>"; };
		497F937B177371D6005B8A3C /* Default@2x.png */ = {isa = PBXFileReference; lastKnownFileType = image.png; path = "Default@2x.png"; sourceTree = "<group>"; };
		497F937D177371D6005B8A3C /* Default-568h@2x.png */ = {isa = PBXFileReference; lastKnownFileType = image.png; path = "Default-568h@2x.png"; sourceTree = "<group>"; };
		497F93841773723D005B8A3C /* SVViewController.h */ = {isa = PBXFileReference; fileEncoding = 4; lastKnownFileType = sourcecode.c.h; path = SVViewController.h; sourceTree = "<group>"; };
		497F93851773723D005B8A3C /* SVViewController.m */ = {isa = PBXFileReference; fileEncoding = 4; lastKnownFileType = sourcecode.c.objc; path = SVViewController.m; sourceTree = "<group>"; };
		497F93861773723D005B8A3C /* SVViewController.xib */ = {isa = PBXFileReference; fileEncoding = 4; lastKnownFileType = file.xib; path = SVViewController.xib; sourceTree = "<group>"; };
		497F9389177372A1005B8A3C /* SVScrollingCell.h */ = {isa = PBXFileReference; fileEncoding = 4; lastKnownFileType = sourcecode.c.h; path = SVScrollingCell.h; sourceTree = "<group>"; };
		497F938A177372A1005B8A3C /* SVScrollingCell.m */ = {isa = PBXFileReference; fileEncoding = 4; lastKnownFileType = sourcecode.c.objc; path = SVScrollingCell.m; sourceTree = "<group>"; };
/* End PBXFileReference section */

/* Begin PBXFrameworksBuildPhase section */
		497F9361177371D6005B8A3C /* Frameworks */ = {
			isa = PBXFrameworksBuildPhase;
			buildActionMask = 2147483647;
			files = (
				497F9368177371D6005B8A3C /* UIKit.framework in Frameworks */,
				497F936A177371D6005B8A3C /* Foundation.framework in Frameworks */,
				497F936C177371D6005B8A3C /* CoreGraphics.framework in Frameworks */,
			);
			runOnlyForDeploymentPostprocessing = 0;
		};
/* End PBXFrameworksBuildPhase section */

/* Begin PBXGroup section */
		497F935B177371D6005B8A3C = {
			isa = PBXGroup;
			children = (
				497F936D177371D6005B8A3C /* iOS7ScrollViews */,
				497F9366177371D6005B8A3C /* Frameworks */,
				497F9365177371D6005B8A3C /* Products */,
			);
			sourceTree = "<group>";
		};
		497F9365177371D6005B8A3C /* Products */ = {
			isa = PBXGroup;
			children = (
				497F9364177371D6005B8A3C /* iOS7ScrollViews.app */,
			);
			name = Products;
			sourceTree = "<group>";
		};
		497F9366177371D6005B8A3C /* Frameworks */ = {
			isa = PBXGroup;
			children = (
				497F9367177371D6005B8A3C /* UIKit.framework */,
				497F9369177371D6005B8A3C /* Foundation.framework */,
				497F936B177371D6005B8A3C /* CoreGraphics.framework */,
			);
			name = Frameworks;
			sourceTree = "<group>";
		};
		497F936D177371D6005B8A3C /* iOS7ScrollViews */ = {
			isa = PBXGroup;
			children = (
				497F9376177371D6005B8A3C /* SVAppDelegate.h */,
				497F9377177371D6005B8A3C /* SVAppDelegate.m */,
				497F93841773723D005B8A3C /* SVViewController.h */,
				497F93851773723D005B8A3C /* SVViewController.m */,
				497F93861773723D005B8A3C /* SVViewController.xib */,
				497F9389177372A1005B8A3C /* SVScrollingCell.h */,
				497F938A177372A1005B8A3C /* SVScrollingCell.m */,
				497F936E177371D6005B8A3C /* Supporting Files */,
			);
			path = iOS7ScrollViews;
			sourceTree = "<group>";
		};
		497F936E177371D6005B8A3C /* Supporting Files */ = {
			isa = PBXGroup;
			children = (
				497F936F177371D6005B8A3C /* iOS7ScrollViews-Info.plist */,
				497F9370177371D6005B8A3C /* InfoPlist.strings */,
				497F9373177371D6005B8A3C /* main.m */,
				497F9375177371D6005B8A3C /* iOS7ScrollViews-Prefix.pch */,
				497F9379177371D6005B8A3C /* Default.png */,
				497F937B177371D6005B8A3C /* Default@2x.png */,
				497F937D177371D6005B8A3C /* Default-568h@2x.png */,
			);
			name = "Supporting Files";
			sourceTree = "<group>";
		};
/* End PBXGroup section */

/* Begin PBXNativeTarget section */
		497F9363177371D6005B8A3C /* iOS7ScrollViews */ = {
			isa = PBXNativeTarget;
			buildConfigurationList = 497F9381177371D6005B8A3C /* Build configuration list for PBXNativeTarget "iOS7ScrollViews" */;
			buildPhases = (
				497F9360177371D6005B8A3C /* Sources */,
				497F9361177371D6005B8A3C /* Frameworks */,
				497F9362177371D6005B8A3C /* Resources */,
			);
			buildRules = (
			);
			dependencies = (
			);
			name = iOS7ScrollViews;
			productName = iOS7ScrollViews;
			productReference = 497F9364177371D6005B8A3C /* iOS7ScrollViews.app */;
			productType = "com.apple.product-type.application";
		};
/* End PBXNativeTarget section */

/* Begin PBXProject section */
		497F935C177371D6005B8A3C /* Project object */ = {
			isa = PBXProject;
			attributes = {
				CLASSPREFIX = SV;
				LastUpgradeCheck = 0460;
				ORGANIZATIONNAME = "Pierre Felgines";
			};
			buildConfigurationList = 497F935F177371D6005B8A3C /* Build configuration list for PBXProject "iOS7ScrollViews" */;
			compatibilityVersion = "Xcode 3.2";
			developmentRegion = English;
			hasScannedForEncodings = 0;
			knownRegions = (
				en,
			);
			mainGroup = 497F935B177371D6005B8A3C;
			productRefGroup = 497F9365177371D6005B8A3C /* Products */;
			projectDirPath = "";
			projectRoot = "";
			targets = (
				497F9363177371D6005B8A3C /* iOS7ScrollViews */,
			);
		};
/* End PBXProject section */

/* Begin PBXResourcesBuildPhase section */
		497F9362177371D6005B8A3C /* Resources */ = {
			isa = PBXResourcesBuildPhase;
			buildActionMask = 2147483647;
			files = (
				497F9372177371D6005B8A3C /* InfoPlist.strings in Resources */,
				497F937A177371D6005B8A3C /* Default.png in Resources */,
				497F937C177371D6005B8A3C /* Default@2x.png in Resources */,
				497F937E177371D6005B8A3C /* Default-568h@2x.png in Resources */,
				497F93881773723D005B8A3C /* SVViewController.xib in Resources */,
			);
			runOnlyForDeploymentPostprocessing = 0;
		};
/* End PBXResourcesBuildPhase section */

/* Begin PBXSourcesBuildPhase section */
		497F9360177371D6005B8A3C /* Sources */ = {
			isa = PBXSourcesBuildPhase;
			buildActionMask = 2147483647;
			files = (
				497F9374177371D6005B8A3C /* main.m in Sources */,
				497F9378177371D6005B8A3C /* SVAppDelegate.m in Sources */,
				497F93871773723D005B8A3C /* SVViewController.m in Sources */,
				497F938B177372A1005B8A3C /* SVScrollingCell.m in Sources */,
			);
			runOnlyForDeploymentPostprocessing = 0;
		};
/* End PBXSourcesBuildPhase section */

/* Begin PBXVariantGroup section */
		497F9370177371D6005B8A3C /* InfoPlist.strings */ = {
			isa = PBXVariantGroup;
			children = (
				497F9371177371D6005B8A3C /* en */,
			);
			name = InfoPlist.strings;
			sourceTree = "<group>";
		};
/* End PBXVariantGroup section */

/* Begin XCBuildConfiguration section */
		497F937F177371D6005B8A3C /* Debug */ = {
			isa = XCBuildConfiguration;
			buildSettings = {
				ALWAYS_SEARCH_USER_PATHS = NO;
				CLANG_CXX_LANGUAGE_STANDARD = "gnu++0x";
				CLANG_CXX_LIBRARY = "libc++";
				CLANG_WARN_CONSTANT_CONVERSION = YES;
				CLANG_WARN_EMPTY_BODY = YES;
				CLANG_WARN_ENUM_CONVERSION = YES;
				CLANG_WARN_INT_CONVERSION = YES;
				CLANG_WARN__DUPLICATE_METHOD_MATCH = YES;
				"CODE_SIGN_IDENTITY[sdk=iphoneos*]" = "iPhone Developer";
				COPY_PHASE_STRIP = NO;
				GCC_C_LANGUAGE_STANDARD = gnu99;
				GCC_DYNAMIC_NO_PIC = NO;
				GCC_OPTIMIZATION_LEVEL = 0;
				GCC_PREPROCESSOR_DEFINITIONS = (
					"DEBUG=1",
					"$(inherited)",
				);
				GCC_SYMBOLS_PRIVATE_EXTERN = NO;
				GCC_WARN_ABOUT_RETURN_TYPE = YES;
				GCC_WARN_UNINITIALIZED_AUTOS = YES;
				GCC_WARN_UNUSED_VARIABLE = YES;
				IPHONEOS_DEPLOYMENT_TARGET = 6.1;
				ONLY_ACTIVE_ARCH = YES;
				SDKROOT = iphoneos;
			};
			name = Debug;
		};
		497F9380177371D6005B8A3C /* Release */ = {
			isa = XCBuildConfiguration;
			buildSettings = {
				ALWAYS_SEARCH_USER_PATHS = NO;
				CLANG_CXX_LANGUAGE_STANDARD = "gnu++0x";
				CLANG_CXX_LIBRARY = "libc++";
				CLANG_WARN_CONSTANT_CONVERSION = YES;
				CLANG_WARN_EMPTY_BODY = YES;
				CLANG_WARN_ENUM_CONVERSION = YES;
				CLANG_WARN_INT_CONVERSION = YES;
				CLANG_WARN__DUPLICATE_METHOD_MATCH = YES;
				"CODE_SIGN_IDENTITY[sdk=iphoneos*]" = "iPhone Developer";
				COPY_PHASE_STRIP = YES;
				GCC_C_LANGUAGE_STANDARD = gnu99;
				GCC_WARN_ABOUT_RETURN_TYPE = YES;
				GCC_WARN_UNINITIALIZED_AUTOS = YES;
				GCC_WARN_UNUSED_VARIABLE = YES;
				IPHONEOS_DEPLOYMENT_TARGET = 6.1;
				OTHER_CFLAGS = "-DNS_BLOCK_ASSERTIONS=1";
				SDKROOT = iphoneos;
				VALIDATE_PRODUCT = YES;
			};
			name = Release;
		};
		497F9382177371D6005B8A3C /* Debug */ = {
			isa = XCBuildConfiguration;
			buildSettings = {
				GCC_PRECOMPILE_PREFIX_HEADER = YES;
				GCC_PREFIX_HEADER = "iOS7ScrollViews/iOS7ScrollViews-Prefix.pch";
				INFOPLIST_FILE = "iOS7ScrollViews/iOS7ScrollViews-Info.plist";
				PRODUCT_NAME = "$(TARGET_NAME)";
				WRAPPER_EXTENSION = app;
			};
			name = Debug;
		};
		497F9383177371D6005B8A3C /* Release */ = {
			isa = XCBuildConfiguration;
			buildSettings = {
				GCC_PRECOMPILE_PREFIX_HEADER = YES;
				GCC_PREFIX_HEADER = "iOS7ScrollViews/iOS7ScrollViews-Prefix.pch";
				INFOPLIST_FILE = "iOS7ScrollViews/iOS7ScrollViews-Info.plist";
				PRODUCT_NAME = "$(TARGET_NAME)";
				WRAPPER_EXTENSION = app;
			};
			name = Release;
		};
/* End XCBuildConfiguration section */

/* Begin XCConfigurationList section */
		497F935F177371D6005B8A3C /* Build configuration list for PBXProject "iOS7ScrollViews" */ = {
			isa = XCConfigurationList;
			buildConfigurations = (
				497F937F177371D6005B8A3C /* Debug */,
				497F9380177371D6005B8A3C /* Release */,
			);
			defaultConfigurationIsVisible = 0;
			defaultConfigurationName = Release;
		};
		497F9381177371D6005B8A3C /* Build configuration list for PBXNativeTarget "iOS7ScrollViews" */ = {
			isa = XCConfigurationList;
			buildConfigurations = (
				497F9382177371D6005B8A3C /* Debug */,
				497F9383177371D6005B8A3C /* Release */,
			);
			defaultConfigurationIsVisible = 0;
		};
/* End XCConfigurationList section */
	};
	rootObject = 497F935C177371D6005B8A3C /* Project object */;
}
